github.com/nixpare/broadcaster v1.3.1 h1:BIMHTf3Dd+46ImJA4Fu/V3HHl23cXPuCGLdscgR0Xz4=
github.com/nixpare/broadcaster v1.3.1/go.mod h1:RoPxrd/UheqkjWQ6Vtk7qAe5Zbu05YzSdVKkpPO2EUM=
github.com/nixpare/cancelio v1.0.0 h1:yGi5yh5ajwOvLZ1o7uT2QNi77NcGA3UY7A4hPx0dhJA=
github.com/nixpare/cancelio v1.0.0/go.mod h1:bHbyBzQPv3duHiMKqIjzyaAxVVeWhsR7geHlAKcFID0=
github.com/nixpare/logger/v3 v3.0.4 h1:C9tRAolX41z47BdSnza/i/n05Zt19gjB92M98fART/k=
github.com/nixpare/logger/v3 v3.0.4/go.mod h1:8zWWJSZ8eIMCq+y1sPU3t0CkOUfbxdEFCQvZfZc0a64=
github.com/nixpare/process v1.8.2 h1:kzC6CSfrcDV0zJGEE0iWmDyhtc9rzCl1uro6wBN2+Po=
github.com/nixpare/process v1.8.2/go.mod h1:hL8I6fVVBcFtDPjVFuB+aLnIbZk1LeSaOMAyvNEiFVo=
github.com/quic-go/go-ossfuzz-seeds v0.1.0 h1:APacT+iIaNF6fd8AGEiN3bT/Jtkd2jz4v4TzM7MFjy0=
github.com/quic-go/go-ossfuzz-seeds v0.1.0/go.mod h1:3IOHRbJIc+L6YKMwfDtJAM9Vj9k0YY4muhuyUYk5tbk=
github.com/quic-go/qpack v0.6.0 h1:g7W+BMYynC1LbYLSqRt8PBg5Tgwxn214ZZR34VIOjz8=
github.com/quic-go/qpack v0.6.0/go.mod h1:lUpLKChi8njB4ty2bFLX2x4gzDqXwUpaO1DP9qMDZII=
github.com/quic-go/quic-go v0.62.0 h1:ZHDjCk5OacATwGvs8PWE97CTvX7AqZiVoW7++ZOXTf8=
github.com/quic-go/quic-go v0.62.0/go.mod h1:RAro2j2yN9a9EiPACLHT9IB2NXCvGQmmo/alT0yYI0w=
github.com/stretchr/testify v1.12.1 h1:EuwCh5fleGS7H32xRwO3wRGT7DxrDhLAT6FF8MpWDWE=
github.com/stretchr/testify v1.12.1/go.mod h1:MDEgiDPPsNp5cuIrHPPCyornHKgEVbtFUmoNlxoYthg=
go.uber.org/mock v0.6.0 h1:hyF9dfmbgIX5EfOdasqLsWD6xqpNZlXblLB/Dbnwv3Y=
go.uber.org/mock v0.6.0/go.mod h1:KiVJ4BqZJaMj4svdfmHM0AUx4NJYO8ZNpPnZn1Z+BBU=
go.yaml.in/yaml/v3 v3.0.5 h1:N6y/pJk8buWs9NY5ERU2HSMfm+IuD/OtfdAnq6kESPw=
go.yaml.in/yaml/v3 v3.0.5/go.mod h1:HVTZu1O7/Vkt2N+BFy8Zza+lnLsABggaTM2ZpNIGuKg=
golang.org/x/crypto v0.57.0 h1:3ZVCjf8Ggz7zneR/EHRVx68Ctf+2pmIMP2UFhh9cC6M=
golang.org/x/crypto v0.57.0/go.mod h1:Fdz0i5U6CoizGwLda9DttjSk6qlZo25zYNtR+ycvuZA=
golang.org/x/net v0.59.0 h1:5zfYln+w5XCxwrnMMJPufRgNoXEaGxl0wo5GqPXyues=
golang.org/x/net v0.59.0/go.mod h1:2DA/G1UfVbCpQPeWTmMPGY7Cs2PkBkwu743bVX5PIVg=
golang.org/x/sys v0.48.0 h1:bbX/i/6MgT9BVLM9RT1thmxL04yeTAhbEz4SyadbXoo=
golang.org/x/sys v0.48.0/go.mod h1:hNLxWAXmnKAxqDtdwIYC4bM9oQPEecfsnNMuSxOs3og=
golang.org/x/text v0.42.0 h1:JbOZXgfeCPU9gacVtYliJqOhD+zhrEqK4LfdpmlUZqI=
golang.org/x/text v0.42.0/go.mod h1:ojzP1Z+2QtioaF8DTtO8K5q7JWVVYwZKenzujK0Zd0E=
